// !$*UTF8*$!
{
	archiveVersion = 1;
	classes = {
	};
	objectVersion = 56;
	objects = {

/* Begin PBXBuildFile section */
		0A0105E628D8261800A72CBB /* heresdk.xcframework in Frameworks */ = {isa = PBXBuildFile; fileRef = 0A0105E528D8261800A72CBB /* heresdk.xcframework */; settings = {ATTRIBUTES = (Weak, ); }; };
		0A0105E728D8261800A72CBB /* heresdk.xcframework in Embed Frameworks */ = {isa = PBXBuildFile; fileRef = 0A0105E528D8261800A72CBB /* heresdk.xcframework */; settings = {ATTRIBUTES = (CodeSignOnCopy, RemoveHeadersOnCopy, ); }; };
		0A342B8528D6D7AB00F5C95B /* TestCICDApp.swift in Sources */ = {isa = PBXBuildFile; fileRef = 0A342B8428D6D7AB00F5C95B /* TestCICDApp.swift */; };
		0A342B8728D6D7AB00F5C95B /* ContentView.swift in Sources */ = {isa = PBXBuildFile; fileRef = 0A342B8628D6D7AB00F5C95B /* ContentView.swift */; };
		0A342B8928D6D7AC00F5C95B /* Assets.xcassets in Resources */ = {isa = PBXBuildFile; fileRef = 0A342B8828D6D7AC00F5C95B /* Assets.xcassets */; };
		0A342B8C28D6D7AC00F5C95B /* Preview Assets.xcassets in Resources */ = {isa = PBXBuildFile; fileRef = 0A342B8B28D6D7AC00F5C95B /* Preview Assets.xcassets */; };
		0A342B9628D6D7AC00F5C95B /* TestCICDTests.swift in Sources */ = {isa = PBXBuildFile; fileRef = 0A342B9528D6D7AC00F5C95B /* TestCICDTests.swift */; };
		0A342BA028D6D7AC00F5C95B /* TestCICDUITests.swift in Sources */ = {isa = PBXBuildFile; fileRef = 0A342B9F28D6D7AC00F5C95B /* TestCICDUITests.swift */; };
		0A342BA228D6D7AC00F5C95B /* TestCICDUITestsLaunchTests.swift in Sources */ = {isa = PBXBuildFile; fileRef = 0A342BA128D6D7AC00F5C95B /* TestCICDUITestsLaunchTests.swift */; };
		0A342BB528D80BE000F5C95B /* Navigator.swift in Sources */ = {isa = PBXBuildFile; fileRef = 0A342BB428D80BE000F5C95B /* Navigator.swift */; };
/* End PBXBuildFile section */

/* Begin PBXContainerItemProxy section */
		0A342B9228D6D7AC00F5C95B /* PBXContainerItemProxy */ = {
			isa = PBXContainerItemProxy;
			containerPortal = 0A342B7928D6D7AB00F5C95B /* Project object */;
			proxyType = 1;
			remoteGlobalIDString = 0A342B8028D6D7AB00F5C95B;
			remoteInfo = TestCICD;
		};
		0A342B9C28D6D7AC00F5C95B /* PBXContainerItemProxy */ = {
			isa = PBXContainerItemProxy;
			containerPortal = 0A342B7928D6D7AB00F5C95B /* Project object */;
			proxyType = 1;
			remoteGlobalIDString = 0A342B8028D6D7AB00F5C95B;
			remoteInfo = TestCICD;
		};
/* End PBXContainerItemProxy section */

/* Begin PBXCopyFilesBuildPhase section */
		0A342BB328D80BCD00F5C95B /* Embed Frameworks */ = {
			isa = PBXCopyFilesBuildPhase;
			buildActionMask = 2147483647;
			dstPath = "";
			dstSubfolderSpec = 10;
			files = (
				0A0105E728D8261800A72CBB /* heresdk.xcframework in Embed Frameworks */,
			);
			name = "Embed Frameworks";
			runOnlyForDeploymentPostprocessing = 0;
		};
/* End PBXCopyFilesBuildPhase section */

/* Begin PBXFileReference section */
		0A0105E528D8261800A72CBB /* heresdk.xcframework */ = {isa = PBXFileReference; lastKnownFileType = wrapper.xcframework; path = heresdk.xcframework; sourceTree = "<group>"; };
		0A342B8128D6D7AB00F5C95B /* TestCICD.app */ = {isa = PBXFileReference; explicitFileType = wrapper.application; includeInIndex = 0; path = TestCICD.app; sourceTree = BUILT_PRODUCTS_DIR; };
		0A342B8428D6D7AB00F5C95B /* TestCICDApp.swift */ = {isa = PBXFileReference; lastKnownFileType = sourcecode.swift; path = TestCICDApp.swift; sourceTree = "<group>"; };
		0A342B8628D6D7AB00F5C95B /* ContentView.swift */ = {isa = PBXFileReference; lastKnownFileType = sourcecode.swift; path = ContentView.swift; sourceTree = "<group>"; };
		0A342B8828D6D7AC00F5C95B /* Assets.xcassets */ = {isa = PBXFileReference; lastKnownFileType = folder.assetcatalog; path = Assets.xcassets; sourceTree = "<group>"; };
		0A342B8B28D6D7AC00F5C95B /* Preview Assets.xcassets */ = {isa = PBXFileReference; lastKnownFileType = folder.assetcatalog; path = "Preview Assets.xcassets"; sourceTree = "<group>"; };
		0A342B9128D6D7AC00F5C95B /* TestCICDTests.xctest */ = {isa = PBXFileReference; explicitFileType = wrapper.cfbundle; includeInIndex = 0; path = TestCICDTests.xctest; sourceTree = BUILT_PRODUCTS_DIR; };
		0A342B9528D6D7AC00F5C95B /* TestCICDTests.swift */ = {isa = PBXFileReference; lastKnownFileType = sourcecode.swift; path = TestCICDTests.swift; sourceTree = "<group>"; };
		0A342B9B28D6D7AC00F5C95B /* TestCICDUITests.xctest */ = {isa = PBXFileReference; explicitFileType = wrapper.cfbundle; includeInIndex = 0; path = TestCICDUITests.xctest; sourceTree = BUILT_PRODUCTS_DIR; };
		0A342B9F28D6D7AC00F5C95B /* TestCICDUITests.swift */ = {isa = PBXFileReference; lastKnownFileType = sourcecode.swift; path = TestCICDUITests.swift; sourceTree = "<group>"; };
		0A342BA128D6D7AC00F5C95B /* TestCICDUITestsLaunchTests.swift */ = {isa = PBXFileReference; lastKnownFileType = sourcecode.swift; path = TestCICDUITestsLaunchTests.swift; sourceTree = "<group>"; };
		0A342BB428D80BE000F5C95B /* Navigator.swift */ = {isa = PBXFileReference; fileEncoding = 4; lastKnownFileType = sourcecode.swift; path = Navigator.swift; sourceTree = "<group>"; };
/* End PBXFileReference section */

/* Begin PBXFrameworksBuildPhase section */
		0A342B7E28D6D7AB00F5C95B /* Frameworks */ = {
			isa = PBXFrameworksBuildPhase;
			buildActionMask = 2147483647;
			files = (
				0A0105E628D8261800A72CBB /* heresdk.xcframework in Frameworks */,
			);
			runOnlyForDeploymentPostprocessing = 0;
		};
		0A342B8E28D6D7AC00F5C95B /* Frameworks */ = {
			isa = PBXFrameworksBuildPhase;
			buildActionMask = 2147483647;
			files = (
			);
			runOnlyForDeploymentPostprocessing = 0;
		};
		0A342B9828D6D7AC00F5C95B /* Frameworks */ = {
			isa = PBXFrameworksBuildPhase;
			buildActionMask = 2147483647;
			files = (
			);
			runOnlyForDeploymentPostprocessing = 0;
		};
/* End PBXFrameworksBuildPhase section */

/* Begin PBXGroup section */
		0A0105E428D8261700A72CBB /* Frameworks */ = {
			isa = PBXGroup;
			children = (
				0A0105E528D8261800A72CBB /* heresdk.xcframework */,
			);
			name = Frameworks;
			sourceTree = "<group>";
		};
		0A342B7828D6D7AB00F5C95B = {
			isa = PBXGroup;
			children = (
				0A342B8328D6D7AB00F5C95B /* TestCICD */,
				0A342B9428D6D7AC00F5C95B /* TestCICDTests */,
				0A342B9E28D6D7AC00F5C95B /* TestCICDUITests */,
				0A342B8228D6D7AB00F5C95B /* Products */,
				0A0105E428D8261700A72CBB /* Frameworks */,
			);
			sourceTree = "<group>";
		};
		0A342B8228D6D7AB00F5C95B /* Products */ = {
			isa = PBXGroup;
			children = (
				0A342B8128D6D7AB00F5C95B /* TestCICD.app */,
				0A342B9128D6D7AC00F5C95B /* TestCICDTests.xctest */,
				0A342B9B28D6D7AC00F5C95B /* TestCICDUITests.xctest */,
			);
			name = Products;
			sourceTree = "<group>";
		};
		0A342B8328D6D7AB00F5C95B /* TestCICD */ = {
			isa = PBXGroup;
			children = (
				0A342B8428D6D7AB00F5C95B /* TestCICDApp.swift */,
				0A342B8628D6D7AB00F5C95B /* ContentView.swift */,
				0A342BB428D80BE000F5C95B /* Navigator.swift */,
				0A342B8828D6D7AC00F5C95B /* Assets.xcassets */,
				0A342B8A28D6D7AC00F5C95B /* Preview Content */,
			);
			path = TestCICD;
			sourceTree = "<group>";
		};
		0A342B8A28D6D7AC00F5C95B /* Preview Content */ = {
			isa = PBXGroup;
			children = (
				0A342B8B28D6D7AC00F5C95B /* Preview Assets.xcassets */,
			);
			path = "Preview Content";
			sourceTree = "<group>";
		};
		0A342B9428D6D7AC00F5C95B /* TestCICDTests */ = {
			isa = PBXGroup;
			children = (
				0A342B9528D6D7AC00F5C95B /* TestCICDTests.swift */,
			);
			path = TestCICDTests;
			sourceTree = "<group>";
		};
		0A342B9E28D6D7AC00F5C95B /* TestCICDUITests */ = {
			isa = PBXGroup;
			children = (
				0A342B9F28D6D7AC00F5C95B /* TestCICDUITests.swift */,
				0A342BA128D6D7AC00F5C95B /* TestCICDUITestsLaunchTests.swift */,
			);
			path = TestCICDUITests;
			sourceTree = "<group>";
		};
/* End PBXGroup section */

/* Begin PBXNativeTarget section */
		0A342B8028D6D7AB00F5C95B /* TestCICD */ = {
			isa = PBXNativeTarget;
			buildConfigurationList = 0A342BA528D6D7AC00F5C95B /* Build configuration list for PBXNativeTarget "TestCICD" */;
			buildPhases = (
				0A342B7D28D6D7AB00F5C95B /* Sources */,
				0A342B7E28D6D7AB00F5C95B /* Frameworks */,
				0A342B7F28D6D7AB00F5C95B /* Resources */,
				0A342BB328D80BCD00F5C95B /* Embed Frameworks */,
			);
			buildRules = (
			);
			dependencies = (
			);
			name = TestCICD;
			productName = TestCICD;
			productReference = 0A342B8128D6D7AB00F5C95B /* TestCICD.app */;
			productType = "com.apple.product-type.application";
		};
		0A342B9028D6D7AC00F5C95B /* TestCICDTests */ = {
			isa = PBXNativeTarget;
			buildConfigurationList = 0A342BA828D6D7AC00F5C95B /* Build configuration list for PBXNativeTarget "TestCICDTests" */;
			buildPhases = (
				0A342B8D28D6D7AC00F5C95B /* Sources */,
				0A342B8E28D6D7AC00F5C95B /* Frameworks */,
				0A342B8F28D6D7AC00F5C95B /* Resources */,
			);
			buildRules = (
			);
			dependencies = (
				0A342B9328D6D7AC00F5C95B /* PBXTargetDependency */,
			);
			name = TestCICDTests;
			productName = TestCICDTests;
			productReference = 0A342B9128D6D7AC00F5C95B /* TestCICDTests.xctest */;
			productType = "com.apple.product-type.bundle.unit-test";
		};
		0A342B9A28D6D7AC00F5C95B /* TestCICDUITests */ = {
			isa = PBXNativeTarget;
			buildConfigurationList = 0A342BAB28D6D7AC00F5C95B /* Build configuration list for PBXNativeTarget "TestCICDUITests" */;
			buildPhases = (
				0A342B9728D6D7AC00F5C95B /* Sources */,
				0A342B9828D6D7AC00F5C95B /* Frameworks */,
				0A342B9928D6D7AC00F5C95B /* Resources */,
			);
			buildRules = (
			);
			dependencies = (
				0A342B9D28D6D7AC00F5C95B /* PBXTargetDependency */,
			);
			name = TestCICDUITests;
			productName = TestCICDUITests;
			productReference = 0A342B9B28D6D7AC00F5C95B /* TestCICDUITests.xctest */;
			productType = "com.apple.product-type.bundle.ui-testing";
		};
/* End PBXNativeTarget section */

/* Begin PBXProject section */
		0A342B7928D6D7AB00F5C95B /* Project object */ = {
			isa = PBXProject;
			attributes = {
				BuildIndependentTargetsInParallel = 1;
				LastSwiftUpdateCheck = 1400;
				LastUpgradeCheck = 1400;
				TargetAttributes = {
					0A342B8028D6D7AB00F5C95B = {
						CreatedOnToolsVersion = 14.0;
					};
					0A342B9028D6D7AC00F5C95B = {
						CreatedOnToolsVersion = 14.0;
						TestTargetID = 0A342B8028D6D7AB00F5C95B;
					};
					0A342B9A28D6D7AC00F5C95B = {
						CreatedOnToolsVersion = 14.0;
						TestTargetID = 0A342B8028D6D7AB00F5C95B;
					};
				};
			};
			buildConfigurationList = 0A342B7C28D6D7AB00F5C95B /* Build configuration list for PBXProject "TestCICD" */;
			compatibilityVersion = "Xcode 14.0";
			developmentRegion = en;
			hasScannedForEncodings = 0;
			knownRegions = (
				en,
				Base,
			);
			mainGroup = 0A342B7828D6D7AB00F5C95B;
			productRefGroup = 0A342B8228D6D7AB00F5C95B /* Products */;
			projectDirPath = "";
			projectRoot = "";
			targets = (
				0A342B8028D6D7AB00F5C95B /* TestCICD */,
				0A342B9028D6D7AC00F5C95B /* TestCICDTests */,
				0A342B9A28D6D7AC00F5C95B /* TestCICDUITests */,
			);
		};
/* End PBXProject section */

/* Begin PBXResourcesBuildPhase section */
		0A342B7F28D6D7AB00F5C95B /* Resources */ = {
			isa = PBXResourcesBuildPhase;
			buildActionMask = 2147483647;
			files = (
				0A342B8C28D6D7AC00F5C95B /* Preview Assets.xcassets in Resources */,
				0A342B8928D6D7AC00F5C95B /* Assets.xcassets in Resources */,
			);
			runOnlyForDeploymentPostprocessing = 0;
		};
		0A342B8F28D6D7AC00F5C95B /* Resources */ = {
			isa = PBXResourcesBuildPhase;
			buildActionMask = 2147483647;
			files = (
			);
			runOnlyForDeploymentPostprocessing = 0;
		};
		0A342B9928D6D7AC00F5C95B /* Resources */ = {
			isa = PBXResourcesBuildPhase;
			buildActionMask = 2147483647;
			files = (
			);
			runOnlyForDeploymentPostprocessing = 0;
		};
/* End PBXResourcesBuildPhase section */

/* Begin PBXSourcesBuildPhase section */
		0A342B7D28D6D7AB00F5C95B /* Sources */ = {
			isa = PBXSourcesBuildPhase;
			buildActionMask = 2147483647;
			files = (
				0A342B8728D6D7AB00F5C95B /* ContentView.swift in Sources */,
				0A342B8528D6D7AB00F5C95B /* TestCICDApp.swift in Sources */,
				0A342BB528D80BE000F5C95B /* Navigator.swift in Sources */,
			);
			runOnlyForDeploymentPostprocessing = 0;
		};
		0A342B8D28D6D7AC00F5C95B /* Sources */ = {
			isa = PBXSourcesBuildPhase;
			buildActionMask = 2147483647;
			files = (
				0A342B9628D6D7AC00F5C95B /* TestCICDTests.swift in Sources */,
			);
			runOnlyForDeploymentPostprocessing = 0;
		};
		0A342B9728D6D7AC00F5C95B /* Sources */ = {
			isa = PBXSourcesBuildPhase;
			buildActionMask = 2147483647;
			files = (
				0A342BA228D6D7AC00F5C95B /* TestCICDUITestsLaunchTests.swift in Sources */,
				0A342BA028D6D7AC00F5C95B /* TestCICDUITests.swift in Sources */,
			);
			runOnlyForDeploymentPostprocessing = 0;
		};
/* End PBXSourcesBuildPhase section */

/* Begin PBXTargetDependency section */
		0A342B9328D6D7AC00F5C95B /* PBXTargetDependency */ = {
			isa = PBXTargetDependency;
			target = 0A342B8028D6D7AB00F5C95B /* TestCICD */;
			targetProxy = 0A342B9228D6D7AC00F5C95B /* PBXContainerItemProxy */;
		};
		0A342B9D28D6D7AC00F5C95B /* PBXTargetDependency */ = {
			isa = PBXTargetDependency;
			target = 0A342B8028D6D7AB00F5C95B /* TestCICD */;
			targetProxy = 0A342B9C28D6D7AC00F5C95B /* PBXContainerItemProxy */;
		};
/* End PBXTargetDependency section */

/* Begin XCBuildConfiguration section */
		0A342BA328D6D7AC00F5C95B /* Debug */ = {
			isa = XCBuildConfiguration;
			buildSettings = {
				ALWAYS_SEARCH_USER_PATHS = NO;
				CLANG_ANALYZER_NONNULL = YES;
				CLANG_ANALYZER_NUMBER_OBJECT_CONVERSION = YES_AGGRESSIVE;
				CLANG_CXX_LANGUAGE_STANDARD = "gnu++20";
				CLANG_ENABLE_MODULES = YES;
				CLANG_ENABLE_OBJC_ARC = YES;
				CLANG_ENABLE_OBJC_WEAK = YES;
				CLANG_WARN_BLOCK_CAPTURE_AUTORELEASING = YES;
				CLANG_WARN_BOOL_CONVERSION = YES;
				CLANG_WARN_COMMA = YES;
				CLANG_WARN_CONSTANT_CONVERSION = YES;
				CLANG_WARN_DEPRECATED_OBJC_IMPLEMENTATIONS = YES;
				CLANG_WARN_DIRECT_OBJC_ISA_USAGE = YES_ERROR;
				CLANG_WARN_DOCUMENTATION_COMMENTS = YES;
				CLANG_WARN_EMPTY_BODY = YES;
				CLANG_WARN_ENUM_CONVERSION = YES;
				CLANG_WARN_INFINITE_RECURSION = YES;
				CLANG_WARN_INT_CONVERSION = YES;
				CLANG_WARN_NON_LITERAL_NULL_CONVERSION = YES;
				CLANG_WARN_OBJC_IMPLICIT_RETAIN_SELF = YES;
				CLANG_WARN_OBJC_LITERAL_CONVERSION = YES;
				CLANG_WARN_OBJC_ROOT_CLASS = YES_ERROR;
				CLANG_WARN_QUOTED_INCLUDE_IN_FRAMEWORK_HEADER = YES;
				CLANG_WARN_RANGE_LOOP_ANALYSIS = YES;
				CLANG_WARN_STRICT_PROTOTYPES = YES;
				CLANG_WARN_SUSPICIOUS_MOVE = YES;
				CLANG_WARN_UNGUARDED_AVAILABILITY = YES_AGGRESSIVE;
				CLANG_WARN_UNREACHABLE_CODE = YES;
				CLANG_WARN__DUPLICATE_METHOD_MATCH = YES;
				COPY_PHASE_STRIP = NO;
				DEBUG_INFORMATION_FORMAT = dwarf;
				ENABLE_STRICT_OBJC_MSGSEND = YES;
				ENABLE_TESTABILITY = YES;
				GCC_C_LANGUAGE_STANDARD = gnu11;
				GCC_DYNAMIC_NO_PIC = NO;
				GCC_NO_COMMON_BLOCKS = YES;
				GCC_OPTIMIZATION_LEVEL = 0;
				GCC_PREPROCESSOR_DEFINITIONS = (
					"DEBUG=1",
					"$(inherited)",
				);
				GCC_WARN_64_TO_32_BIT_CONVERSION = YES;
				GCC_WARN_ABOUT_RETURN_TYPE = YES_ERROR;
				GCC_WARN_UNDECLARED_SELECTOR = YES;
				GCC_WARN_UNINITIALIZED_AUTOS = YES_AGGRESSIVE;
				GCC_WARN_UNUSED_FUNCTION = YES;
				GCC_WARN_UNUSED_VARIABLE = YES;
				IPHONEOS_DEPLOYMENT_TARGET = 16.0;
				MTL_ENABLE_DEBUG_INFO = INCLUDE_SOURCE;
				MTL_FAST_MATH = YES;
				ONLY_ACTIVE_ARCH = YES;
				SDKROOT = iphoneos;
				SWIFT_ACTIVE_COMPILATION_CONDITIONS = DEBUG;
				SWIFT_OPTIMIZATION_LEVEL = "-Onone";
			};
			name = Debug;
		};
		0A342BA428D6D7AC00F5C95B /* Release */ = {
			isa = XCBuildConfiguration;
			buildSettings = {
				ALWAYS_SEARCH_USER_PATHS = NO;
				CLANG_ANALYZER_NONNULL = YES;
				CLANG_ANALYZER_NUMBER_OBJECT_CONVERSION = YES_AGGRESSIVE;
				CLANG_CXX_LANGUAGE_STANDARD = "gnu++20";
				CLANG_ENABLE_MODULES = YES;
				CLANG_ENABLE_OBJC_ARC = YES;
				CLANG_ENABLE_OBJC_WEAK = YES;
				CLANG_WARN_BLOCK_CAPTURE_AUTORELEASING = YES;
				CLANG_WARN_BOOL_CONVERSION = YES;
				CLANG_WARN_COMMA = YES;
				CLANG_WARN_CONSTANT_CONVERSION = YES;
				CLANG_WARN_DEPRECATED_OBJC_IMPLEMENTATIONS = YES;
				CLANG_WARN_DIRECT_OBJC_ISA_USAGE = YES_ERROR;
				CLANG_WARN_DOCUMENTATION_COMMENTS = YES;
				CLANG_WARN_EMPTY_BODY = YES;
				CLANG_WARN_ENUM_CONVERSION = YES;
				CLANG_WARN_INFINITE_RECURSION = YES;
				CLANG_WARN_INT_CONVERSION = YES;
				CLANG_WARN_NON_LITERAL_NULL_CONVERSION = YES;
				CLANG_WARN_OBJC_IMPLICIT_RETAIN_SELF = YES;
				CLANG_WARN_OBJC_LITERAL_CONVERSION = YES;
				CLANG_WARN_OBJC_ROOT_CLASS = YES_ERROR;
				CLANG_WARN_QUOTED_INCLUDE_IN_FRAMEWORK_HEADER = YES;
				CLANG_WARN_RANGE_LOOP_ANALYSIS = YES;
				CLANG_WARN_STRICT_PROTOTYPES = YES;
				CLANG_WARN_SUSPICIOUS_MOVE = YES;
				CLANG_WARN_UNGUARDED_AVAILABILITY = YES_AGGRESSIVE;
				CLANG_WARN_UNREACHABLE_CODE = YES;
				CLANG_WARN__DUPLICATE_METHOD_MATCH = YES;
				COPY_PHASE_STRIP = NO;
				DEBUG_INFORMATION_FORMAT = "dwarf-with-dsym";
				ENABLE_NS_ASSERTIONS = NO;
				ENABLE_STRICT_OBJC_MSGSEND = YES;
				GCC_C_LANGUAGE_STANDARD = gnu11;
				GCC_NO_COMMON_BLOCKS = YES;
				GCC_WARN_64_TO_32_BIT_CONVERSION = YES;
				GCC_WARN_ABOUT_RETURN_TYPE = YES_ERROR;
				GCC_WARN_UNDECLARED_SELECTOR = YES;
				GCC_WARN_UNINITIALIZED_AUTOS = YES_AGGRESSIVE;
				GCC_WARN_UNUSED_FUNCTION = YES;
				GCC_WARN_UNUSED_VARIABLE = YES;
				IPHONEOS_DEPLOYMENT_TARGET = 16.0;
				MTL_ENABLE_DEBUG_INFO = NO;
				MTL_FAST_MATH = YES;
				SDKROOT = iphoneos;
				SWIFT_COMPILATION_MODE = wholemodule;
				SWIFT_OPTIMIZATION_LEVEL = "-O";
				VALIDATE_PRODUCT = YES;
			};
			name = Release;
		};
		0A342BA628D6D7AC00F5C95B /* Debug */ = {
			isa = XCBuildConfiguration;
			buildSettings = {
				ASSETCATALOG_COMPILER_APPICON_NAME = AppIcon;
				ASSETCATALOG_COMPILER_GLOBAL_ACCENT_COLOR_NAME = AccentColor;
				CODE_SIGN_STYLE = Automatic;
				CURRENT_PROJECT_VERSION = 1;
				DEVELOPMENT_ASSET_PATHS = "\"TestCICD/Preview Content\"";
				DEVELOPMENT_TEAM = 9A5GR5G69Y;
				ENABLE_PREVIEWS = YES;
				GENERATE_INFOPLIST_FILE = YES;
				INFOPLIST_KEY_UIApplicationSceneManifest_Generation = YES;
				INFOPLIST_KEY_UIApplicationSupportsIndirectInputEvents = YES;
				INFOPLIST_KEY_UILaunchScreen_Generation = YES;
				INFOPLIST_KEY_UISupportedInterfaceOrientations_iPad = "UIInterfaceOrientationPortrait UIInterfaceOrientationPortraitUpsideDown UIInterfaceOrientationLandscapeLeft UIInterfaceOrientationLandscapeRight";
				INFOPLIST_KEY_UISupportedInterfaceOrientations_iPhone = "UIInterfaceOrientationPortrait UIInterfaceOrientationLandscapeLeft UIInterfaceOrientationLandscapeRight";
				LD_RUNPATH_SEARCH_PATHS = (
					"$(inherited)",
					"@executable_path/Frameworks",
				);
				MARKETING_VERSION = 1.0;
				PRODUCT_BUNDLE_IDENTIFIER = jp.tokyo.TestCICD;
				PRODUCT_NAME = "$(TARGET_NAME)";
				SWIFT_EMIT_LOC_STRINGS = YES;
				SWIFT_VERSION = 5.0;
				TARGETED_DEVICE_FAMILY = "1,2";
			};
			name = Debug;
		};
		0A342BA728D6D7AC00F5C95B /* Release */ = {
			isa = XCBuildConfiguration;
			buildSettings = {
				ASSETCATALOG_COMPILER_APPICON_NAME = AppIcon;
				ASSETCATALOG_COMPILER_GLOBAL_ACCENT_COLOR_NAME = AccentColor;
				CODE_SIGN_STYLE = Automatic;
				CURRENT_PROJECT_VERSION = 1;
				DEVELOPMENT_ASSET_PATHS = "\"TestCICD/Preview Content\"";
				DEVELOPMENT_TEAM = 9A5GR5G69Y;
				ENABLE_PREVIEWS = YES;
				GENERATE_INFOPLIST_FILE = YES;
				INFOPLIST_KEY_UIApplicationSceneManifest_Generation = YES;
				INFOPLIST_KEY_UIApplicationSupportsIndirectInputEvents = YES;
				INFOPLIST_KEY_UILaunchScreen_Generation = YES;
				INFOPLIST_KEY_UISupportedInterfaceOrientations_iPad = "UIInterfaceOrientationPortrait UIInterfaceOrientationPortraitUpsideDown UIInterfaceOrientationLandscapeLeft UIInterfaceOrientationLandscapeRight";
				INFOPLIST_KEY_UISupportedInterfaceOrientations_iPhone = "UIInterfaceOrientationPortrait UIInterfaceOrientationLandscapeLeft UIInterfaceOrientationLandscapeRight";
				LD_RUNPATH_SEARCH_PATHS = (
					"$(inherited)",
					"@executable_path/Frameworks",
				);
				MARKETING_VERSION = 1.0;
				PRODUCT_BUNDLE_IDENTIFIER = jp.tokyo.TestCICD;
				PRODUCT_NAME = "$(TARGET_NAME)";
				SWIFT_EMIT_LOC_STRINGS = YES;
				SWIFT_VERSION = 5.0;
				TARGETED_DEVICE_FAMILY = "1,2";
			};
			name = Release;
		};
		0A342BA928D6D7AC00F5C95B /* Debug */ = {
			isa = XCBuildConfiguration;
			buildSettings = {
				ALWAYS_EMBED_SWIFT_STANDARD_LIBRARIES = YES;
				BUNDLE_LOADER = "$(TEST_HOST)";
				CODE_SIGN_STYLE = Automatic;
				CURRENT_PROJECT_VERSION = 1;
				DEVELOPMENT_TEAM = 9A5GR5G69Y;
				GENERATE_INFOPLIST_FILE = YES;
				IPHONEOS_DEPLOYMENT_TARGET = 16.0;
				MARKETING_VERSION = 1.0;
				PRODUCT_BUNDLE_IDENTIFIER = jp.tokyo.TestCICDTests;
				PRODUCT_NAME = "$(TARGET_NAME)";
				SWIFT_EMIT_LOC_STRINGS = NO;
				SWIFT_VERSION = 5.0;
				TARGETED_DEVICE_FAMILY = "1,2";
				TEST_HOST = "$(BUILT_PRODUCTS_DIR)/TestCICD.app/$(BUNDLE_EXECUTABLE_FOLDER_PATH)/TestCICD";
			};
			name = Debug;
		};
		0A342BAA28D6D7AC00F5C95B /* Release */ = {
			isa = XCBuildConfiguration;
			buildSettings = {
				ALWAYS_EMBED_SWIFT_STANDARD_LIBRARIES = YES;
				BUNDLE_LOADER = "$(TEST_HOST)";
				CODE_SIGN_STYLE = Automatic;
				CURRENT_PROJECT_VERSION = 1;
				DEVELOPMENT_TEAM = 9A5GR5G69Y;
				GENERATE_INFOPLIST_FILE = YES;
				IPHONEOS_DEPLOYMENT_TARGET = 16.0;
				MARKETING_VERSION = 1.0;
				PRODUCT_BUNDLE_IDENTIFIER = jp.tokyo.TestCICDTests;
				PRODUCT_NAME = "$(TARGET_NAME)";
				SWIFT_EMIT_LOC_STRINGS = NO;
				SWIFT_VERSION = 5.0;
				TARGETED_DEVICE_FAMILY = "1,2";
				TEST_HOST = "$(BUILT_PRODUCTS_DIR)/TestCICD.app/$(BUNDLE_EXECUTABLE_FOLDER_PATH)/TestCICD";
			};
			name = Release;
		};
		0A342BAC28D6D7AC00F5C95B /* Debug */ = {
			isa = XCBuildConfiguration;
			buildSettings = {
				ALWAYS_EMBED_SWIFT_STANDARD_LIBRARIES = YES;
				CODE_SIGN_STYLE = Automatic;
				CURRENT_PROJECT_VERSION = 1;
				DEVELOPMENT_TEAM = 9A5GR5G69Y;
				GENERATE_INFOPLIST_FILE = YES;
				MARKETING_VERSION = 1.0;
				PRODUCT_BUNDLE_IDENTIFIER = jp.tokyo.TestCICDUITests;
				PRODUCT_NAME = "$(TARGET_NAME)";
				SWIFT_EMIT_LOC_STRINGS = NO;
				SWIFT_VERSION = 5.0;
				TARGETED_DEVICE_FAMILY = "1,2";
				TEST_TARGET_NAME = TestCICD;
			};
			name = Debug;
		};
		0A342BAD28D6D7AC00F5C95B /* Release */ = {
			isa = XCBuildConfiguration;
			buildSettings = {
				ALWAYS_EMBED_SWIFT_STANDARD_LIBRARIES = YES;
				CODE_SIGN_STYLE = Automatic;
				CURRENT_PROJECT_VERSION = 1;
				DEVELOPMENT_TEAM = 9A5GR5G69Y;
				GENERATE_INFOPLIST_FILE = YES;
				MARKETING_VERSION = 1.0;
				PRODUCT_BUNDLE_IDENTIFIER = jp.tokyo.TestCICDUITests;
				PRODUCT_NAME = "$(TARGET_NAME)";
				SWIFT_EMIT_LOC_STRINGS = NO;
				SWIFT_VERSION = 5.0;
				TARGETED_DEVICE_FAMILY = "1,2";
				TEST_TARGET_NAME = TestCICD;
			};
			name = Release;
		};
/* End XCBuildConfiguration section */

/* Begin XCConfigurationList section */
		0A342B7C28D6D7AB00F5C95B /* Build configuration list for PBXProject "TestCICD" */ = {
			isa = XCConfigurationList;
			buildConfigurations = (
				0A342BA328D6D7AC00F5C95B /* Debug */,
				0A342BA428D6D7AC00F5C95B /* Release */,
			);
			defaultConfigurationIsVisible = 0;
			defaultConfigurationName = Release;
		};
		0A342BA528D6D7AC00F5C95B /* Build configuration list for PBXNativeTarget "TestCICD" */ = {
			isa = XCConfigurationList;
			buildConfigurations = (
				0A342BA628D6D7AC00F5C95B /* Debug */,
				0A342BA728D6D7AC00F5C95B /* Release */,
			);
			defaultConfigurationIsVisible = 0;
			defaultConfigurationName = Release;
		};
		0A342BA828D6D7AC00F5C95B /* Build configuration list for PBXNativeTarget "TestCICDTests" */ = {
			isa = XCConfigurationList;
			buildConfigurations = (
				0A342BA928D6D7AC00F5C95B /* Debug */,
				0A342BAA28D6D7AC00F5C95B /* Release */,
			);
			defaultConfigurationIsVisible = 0;
			defaultConfigurationName = Release;
		};
		0A342BAB28D6D7AC00F5C95B /* Build configuration list for PBXNativeTarget "TestCICDUITests" */ = {
			isa = XCConfigurationList;
			buildConfigurations = (
				0A342BAC28D6D7AC00F5C95B /* Debug */,
				0A342BAD28D6D7AC00F5C95B /* Release */,
			);
			defaultConfigurationIsVisible = 0;
			defaultConfigurationName = Release;
		};
/* End XCConfigurationList section */
	};
	rootObject = 0A342B7928D6D7AB00F5C95B /* Project object */;
}
