{
  "pins" : [
    {
      "identity" : "herepackage",
      "kind" : "remoteSourceControl",
      "location" : "https://github.com/Antony138/herePackage",
      "state" : {
        "branch" : "main",
        "revision" : "eab02546ca2a595fbcfc746822a06e8d42067557"
      }
    }
  ],
  "version" : 2
}
