{
  "pins" : [
    {
      "identity" : "herepackage",
      "kind" : "remoteSourceControl",
      "location" : "https://github.com/Antony138/herePackage",
      "state" : {
        "branch" : "main",
        "revision" : "db6a18708b342e606fbc449b9ad110be3895ac73"
      }
    }
  ],
  "version" : 2
}
