{
  "pins" : [
    {
      "identity" : "herepackage",
      "kind" : "remoteSourceControl",
      "location" : "https://github.com/Antony138/herePackage",
      "state" : {
        "branch" : "main",
        "revision" : "e9a12c1792aef32734553868aac3a3444786ee5f"
      }
    }
  ],
  "version" : 2
}
